// !$*UTF8*$!
{
	archiveVersion = 1;
	classes = {
	};
	objectVersion = 46;
	objects = {

/* Begin PBXBuildFile section */
		65512FED1D302017000ADCE4 /* happy.png in Resources */ = {isa = PBXBuildFile; fileRef = 65512FEB1D302017000ADCE4 /* happy.png */; };
		65512FEE1D302017000ADCE4 /* sad.png in Resources */ = {isa = PBXBuildFile; fileRef = 65512FEC1D302017000ADCE4 /* sad.png */; };
		65A1010D1D2EAEC100D2FAE7 /* AppDelegate.swift in Sources */ = {isa = PBXBuildFile; fileRef = 65A1010C1D2EAEC100D2FAE7 /* AppDelegate.swift */; };
		65A1010F1D2EAEC100D2FAE7 /* ViewController.swift in Sources */ = {isa = PBXBuildFile; fileRef = 65A1010E1D2EAEC100D2FAE7 /* ViewController.swift */; };
		65A101121D2EAEC100D2FAE7 /* Main.storyboard in Resources */ = {isa = PBXBuildFile; fileRef = 65A101101D2EAEC100D2FAE7 /* Main.storyboard */; };
		65A101141D2EAEC100D2FAE7 /* Assets.xcassets in Resources */ = {isa = PBXBuildFile; fileRef = 65A101131D2EAEC100D2FAE7 /* Assets.xcassets */; };
		65A101171D2EAEC100D2FAE7 /* LaunchScreen.storyboard in Resources */ = {isa = PBXBuildFile; fileRef = 65A101151D2EAEC100D2FAE7 /* LaunchScreen.storyboard */; };
/* End PBXBuildFile section */

/* Begin PBXFileReference section */
		65512FEB1D302017000ADCE4 /* happy.png */ = {isa = PBXFileReference; lastKnownFileType = image.png; path = happy.png; sourceTree = "<group>"; };
		65512FEC1D302017000ADCE4 /* sad.png */ = {isa = PBXFileReference; lastKnownFileType = image.png; path = sad.png; sourceTree = "<group>"; };
		65A101091D2EAEC100D2FAE7 /* snapHack.app */ = {isa = PBXFileReference; explicitFileType = wrapper.application; includeInIndex = 0; path = snapHack.app; sourceTree = BUILT_PRODUCTS_DIR; };
		65A1010C1D2EAEC100D2FAE7 /* AppDelegate.swift */ = {isa = PBXFileReference; lastKnownFileType = sourcecode.swift; path = AppDelegate.swift; sourceTree = "<group>"; };
		65A1010E1D2EAEC100D2FAE7 /* ViewController.swift */ = {isa = PBXFileReference; lastKnownFileType = sourcecode.swift; path = ViewController.swift; sourceTree = "<group>"; };
		65A101111D2EAEC100D2FAE7 /* Base */ = {isa = PBXFileReference; lastKnownFileType = file.storyboard; name = Base; path = Base.lproj/Main.storyboard; sourceTree = "<group>"; };
		65A101131D2EAEC100D2FAE7 /* Assets.xcassets */ = {isa = PBXFileReference; lastKnownFileType = folder.assetcatalog; path = Assets.xcassets; sourceTree = "<group>"; };
		65A101161D2EAEC100D2FAE7 /* Base */ = {isa = PBXFileReference; lastKnownFileType = file.storyboard; name = Base; path = Base.lproj/LaunchScreen.storyboard; sourceTree = "<group>"; };
		65A101181D2EAEC100D2FAE7 /* Info.plist */ = {isa = PBXFileReference; lastKnownFileType = text.plist.xml; path = Info.plist; sourceTree = "<group>"; };
/* End PBXFileReference section */

/* Begin PBXFrameworksBuildPhase section */
		65A101061D2EAEC100D2FAE7 /* Frameworks */ = {
			isa = PBXFrameworksBuildPhase;
			buildActionMask = 2147483647;
			files = (
			);
			runOnlyForDeploymentPostprocessing = 0;
		};
/* End PBXFrameworksBuildPhase section */

/* Begin PBXGroup section */
		65A101001D2EAEC100D2FAE7 = {
			isa = PBXGroup;
			children = (
				65A1010B1D2EAEC100D2FAE7 /* snapHack */,
				65A1010A1D2EAEC100D2FAE7 /* Products */,
			);
			sourceTree = "<group>";
		};
		65A1010A1D2EAEC100D2FAE7 /* Products */ = {
			isa = PBXGroup;
			children = (
				65A101091D2EAEC100D2FAE7 /* snapHack.app */,
			);
			name = Products;
			sourceTree = "<group>";
		};
		65A1010B1D2EAEC100D2FAE7 /* snapHack */ = {
			isa = PBXGroup;
			children = (
				65A1010C1D2EAEC100D2FAE7 /* AppDelegate.swift */,
				65512FEB1D302017000ADCE4 /* happy.png */,
				65512FEC1D302017000ADCE4 /* sad.png */,
				65A1010E1D2EAEC100D2FAE7 /* ViewController.swift */,
				65A101101D2EAEC100D2FAE7 /* Main.storyboard */,
				65A101131D2EAEC100D2FAE7 /* Assets.xcassets */,
				65A101151D2EAEC100D2FAE7 /* LaunchScreen.storyboard */,
				65A101181D2EAEC100D2FAE7 /* Info.plist */,
			);
			path = snapHack;
			sourceTree = "<group>";
		};
/* End PBXGroup section */

/* Begin PBXNativeTarget section */
		65A101081D2EAEC100D2FAE7 /* snapHack */ = {
			isa = PBXNativeTarget;
			buildConfigurationList = 65A1011B1D2EAEC100D2FAE7 /* Build configuration list for PBXNativeTarget "snapHack" */;
			buildPhases = (
				65A101051D2EAEC100D2FAE7 /* Sources */,
				65A101061D2EAEC100D2FAE7 /* Frameworks */,
				65A101071D2EAEC100D2FAE7 /* Resources */,
			);
			buildRules = (
			);
			dependencies = (
			);
			name = snapHack;
			productName = snapHack;
			productReference = 65A101091D2EAEC100D2FAE7 /* snapHack.app */;
			productType = "com.apple.product-type.application";
		};
/* End PBXNativeTarget section */

/* Begin PBXProject section */
		65A101011D2EAEC100D2FAE7 /* Project object */ = {
			isa = PBXProject;
			attributes = {
				LastSwiftUpdateCheck = 0730;
				LastUpgradeCheck = 0730;
				ORGANIZATIONNAME = "Huy Truong";
				TargetAttributes = {
					65A101081D2EAEC100D2FAE7 = {
						CreatedOnToolsVersion = 7.3.1;
						DevelopmentTeam = 8TRMN94S62;
					};
				};
			};
			buildConfigurationList = 65A101041D2EAEC100D2FAE7 /* Build configuration list for PBXProject "snapHack" */;
			compatibilityVersion = "Xcode 3.2";
			developmentRegion = English;
			hasScannedForEncodings = 0;
			knownRegions = (
				en,
				Base,
			);
			mainGroup = 65A101001D2EAEC100D2FAE7;
			productRefGroup = 65A1010A1D2EAEC100D2FAE7 /* Products */;
			projectDirPath = "";
			projectRoot = "";
			targets = (
				65A101081D2EAEC100D2FAE7 /* snapHack */,
			);
		};
/* End PBXProject section */

/* Begin PBXResourcesBuildPhase section */
		65A101071D2EAEC100D2FAE7 /* Resources */ = {
			isa = PBXResourcesBuildPhase;
			buildActionMask = 2147483647;
			files = (
				65A101171D2EAEC100D2FAE7 /* LaunchScreen.storyboard in Resources */,
				65A101141D2EAEC100D2FAE7 /* Assets.xcassets in Resources */,
				65A101121D2EAEC100D2FAE7 /* Main.storyboard in Resources */,
				65512FEE1D302017000ADCE4 /* sad.png in Resources */,
				65512FED1D302017000ADCE4 /* happy.png in Resources */,
			);
			runOnlyForDeploymentPostprocessing = 0;
		};
/* End PBXResourcesBuildPhase section */

/* Begin PBXSourcesBuildPhase section */
		65A101051D2EAEC100D2FAE7 /* Sources */ = {
			isa = PBXSourcesBuildPhase;
			buildActionMask = 2147483647;
			files = (
				65A1010F1D2EAEC100D2FAE7 /* ViewController.swift in Sources */,
				65A1010D1D2EAEC100D2FAE7 /* AppDelegate.swift in Sources */,
			);
			runOnlyForDeploymentPostprocessing = 0;
		};
/* End PBXSourcesBuildPhase section */

/* Begin PBXVariantGroup section */
		65A101101D2EAEC100D2FAE7 /* Main.storyboard */ = {
			isa = PBXVariantGroup;
			children = (
				65A101111D2EAEC100D2FAE7 /* Base */,
			);
			name = Main.storyboard;
			sourceTree = "<group>";
		};
		65A101151D2EAEC100D2FAE7 /* LaunchScreen.storyboard */ = {
			isa = PBXVariantGroup;
			children = (
				65A101161D2EAEC100D2FAE7 /* Base */,
			);
			name = LaunchScreen.storyboard;
			sourceTree = "<group>";
		};
/* End PBXVariantGroup section */

/* Begin XCBuildConfiguration section */
		65A101191D2EAEC100D2FAE7 /* Debug */ = {
			isa = XCBuildConfiguration;
			buildSettings = {
				ALWAYS_SEARCH_USER_PATHS = NO;
				CLANG_ANALYZER_NONNULL = YES;
				CLANG_CXX_LANGUAGE_STANDARD = "gnu++0x";
				CLANG_CXX_LIBRARY = "libc++";
				CLANG_ENABLE_MODULES = YES;
				CLANG_ENABLE_OBJC_ARC = YES;
				CLANG_WARN_BOOL_CONVERSION = YES;
				CLANG_WARN_CONSTANT_CONVERSION = YES;
				CLANG_WARN_DIRECT_OBJC_ISA_USAGE = YES_ERROR;
				CLANG_WARN_EMPTY_BODY = YES;
				CLANG_WARN_ENUM_CONVERSION = YES;
				CLANG_WARN_INT_CONVERSION = YES;
				CLANG_WARN_OBJC_ROOT_CLASS = YES_ERROR;
				CLANG_WARN_UNREACHABLE_CODE = YES;
				CLANG_WARN__DUPLICATE_METHOD_MATCH = YES;
				"CODE_SIGN_IDENTITY[sdk=iphoneos*]" = "iPhone Developer";
				COPY_PHASE_STRIP = NO;
				DEBUG_INFORMATION_FORMAT = dwarf;
				ENABLE_STRICT_OBJC_MSGSEND = YES;
				ENABLE_TESTABILITY = YES;
				GCC_C_LANGUAGE_STANDARD = gnu99;
				GCC_DYNAMIC_NO_PIC = NO;
				GCC_NO_COMMON_BLOCKS = YES;
				GCC_OPTIMIZATION_LEVEL = 0;
				GCC_PREPROCESSOR_DEFINITIONS = (
					"DEBUG=1",
					"$(inherited)",
				);
				GCC_WARN_64_TO_32_BIT_CONVERSION = YES;
				GCC_WARN_ABOUT_RETURN_TYPE = YES_ERROR;
				GCC_WARN_UNDECLARED_SELECTOR = YES;
				GCC_WARN_UNINITIALIZED_AUTOS = YES_AGGRESSIVE;
				GCC_WARN_UNUSED_FUNCTION = YES;
				GCC_WARN_UNUSED_VARIABLE = YES;
				IPHONEOS_DEPLOYMENT_TARGET = 9.3;
				MTL_ENABLE_DEBUG_INFO = YES;
				ONLY_ACTIVE_ARCH = YES;
				SDKROOT = iphoneos;
				SWIFT_OPTIMIZATION_LEVEL = "-Onone";
				TARGETED_DEVICE_FAMILY = "1,2";
			};
			name = Debug;
		};
		65A1011A1D2EAEC100D2FAE7 /* Release */ = {
			isa = XCBuildConfiguration;
			buildSettings = {
				ALWAYS_SEARCH_USER_PATHS = NO;
				CLANG_ANALYZER_NONNULL = YES;
				CLANG_CXX_LANGUAGE_STANDARD = "gnu++0x";
				CLANG_CXX_LIBRARY = "libc++";
				CLANG_ENABLE_MODULES = YES;
				CLANG_ENABLE_OBJC_ARC = YES;
				CLANG_WARN_BOOL_CONVERSION = YES;
				CLANG_WARN_CONSTANT_CONVERSION = YES;
				CLANG_WARN_DIRECT_OBJC_ISA_USAGE = YES_ERROR;
				CLANG_WARN_EMPTY_BODY = YES;
				CLANG_WARN_ENUM_CONVERSION = YES;
				CLANG_WARN_INT_CONVERSION = YES;
				CLANG_WARN_OBJC_ROOT_CLASS = YES_ERROR;
				CLANG_WARN_UNREACHABLE_CODE = YES;
				CLANG_WARN__DUPLICATE_METHOD_MATCH = YES;
				"CODE_SIGN_IDENTITY[sdk=iphoneos*]" = "iPhone Developer";
				COPY_PHASE_STRIP = NO;
				DEBUG_INFORMATION_FORMAT = "dwarf-with-dsym";
				ENABLE_NS_ASSERTIONS = NO;
				ENABLE_STRICT_OBJC_MSGSEND = YES;
				GCC_C_LANGUAGE_STANDARD = gnu99;
				GCC_NO_COMMON_BLOCKS = YES;
				GCC_WARN_64_TO_32_BIT_CONVERSION = YES;
				GCC_WARN_ABOUT_RETURN_TYPE = YES_ERROR;
				GCC_WARN_UNDECLARED_SELECTOR = YES;
				GCC_WARN_UNINITIALIZED_AUTOS = YES_AGGRESSIVE;
				GCC_WARN_UNUSED_FUNCTION = YES;
				GCC_WARN_UNUSED_VARIABLE = YES;
				IPHONEOS_DEPLOYMENT_TARGET = 9.3;
				MTL_ENABLE_DEBUG_INFO = NO;
				SDKROOT = iphoneos;
				TARGETED_DEVICE_FAMILY = "1,2";
				VALIDATE_PRODUCT = YES;
			};
			name = Release;
		};
		65A1011C1D2EAEC100D2FAE7 /* Debug */ = {
			isa = XCBuildConfiguration;
			buildSettings = {
				ASSETCATALOG_COMPILER_APPICON_NAME = AppIcon;
				CODE_SIGN_IDENTITY = "iPhone Developer";
				INFOPLIST_FILE = snapHack/Info.plist;
				LD_RUNPATH_SEARCH_PATHS = "$(inherited) @executable_path/Frameworks";
				PRODUCT_BUNDLE_IDENTIFIER = com.makeschool.snapHack1234;
				PRODUCT_NAME = "$(TARGET_NAME)";
			};
			name = Debug;
		};
		65A1011D1D2EAEC100D2FAE7 /* Release */ = {
			isa = XCBuildConfiguration;
			buildSettings = {
				ASSETCATALOG_COMPILER_APPICON_NAME = AppIcon;
				CODE_SIGN_IDENTITY = "iPhone Developer";
				INFOPLIST_FILE = snapHack/Info.plist;
				LD_RUNPATH_SEARCH_PATHS = "$(inherited) @executable_path/Frameworks";
				PRODUCT_BUNDLE_IDENTIFIER = com.makeschool.snapHack1234;
				PRODUCT_NAME = "$(TARGET_NAME)";
			};
			name = Release;
		};
/* End XCBuildConfiguration section */

/* Begin XCConfigurationList section */
		65A101041D2EAEC100D2FAE7 /* Build configuration list for PBXProject "snapHack" */ = {
			isa = XCConfigurationList;
			buildConfigurations = (
				65A101191D2EAEC100D2FAE7 /* Debug */,
				65A1011A1D2EAEC100D2FAE7 /* Release */,
			);
			defaultConfigurationIsVisible = 0;
			defaultConfigurationName = Release;
		};
		65A1011B1D2EAEC100D2FAE7 /* Build configuration list for PBXNativeTarget "snapHack" */ = {
			isa = XCConfigurationList;
			buildConfigurations = (
				65A1011C1D2EAEC100D2FAE7 /* Debug */,
				65A1011D1D2EAEC100D2FAE7 /* Release */,
			);
			defaultConfigurationIsVisible = 0;
			defaultConfigurationName = Release;
		};
/* End XCConfigurationList section */
	};
	rootObject = 65A101011D2EAEC100D2FAE7 /* Project object */;
}
